
Microsoft Visual Studio Solution File, Format Version 12.00
# Visual Studio 15
VisualStudioVersion = 15.0.27703.2018
MinimumVisualStudioVersion = 10.0.40219.1
Project("{FAE04EC0-301F-11D3-BF4B-00C04F79EFBC}") = "Krapula", "Krapula\Krapula.csproj", "{FDDFC275-0E05-4D2F-A999-17C6E2DA2C70}"
EndProject
Global
	GlobalSection(SolutionConfigurationPlatforms) = preSolution
		Debug|Any CPU = Debug|Any CPU
		Release|Any CPU = Release|Any CPU
	EndGlobalSection
	GlobalSection(ProjectConfigurationPlatforms) = postSolution
		{FDDFC275-0E05-4D2F-A999-17C6E2DA2C70}.Debug|Any CPU.ActiveCfg = Debug|Any CPU
		{FDDFC275-0E05-4D2F-A999-17C6E2DA2C70}.Debug|Any CPU.Build.0 = Debug|Any CPU
		{FDDFC275-0E05-4D2F-A999-17C6E2DA2C70}.Release|Any CPU.ActiveCfg = Release|Any CPU
		{FDDFC275-0E05-4D2F-A999-17C6E2DA2C70}.Release|Any CPU.Build.0 = Release|Any CPU
	EndGlobalSection
	GlobalSection(SolutionProperties) = preSolution
		HideSolutionNode = FALSE
	EndGlobalSection
	GlobalSection(ExtensibilityGlobals) = postSolution
		SolutionGuid = {670F93B9-98F0-40FE-862D-50B286837091}
	EndGlobalSection
EndGlobal
